// !$*UTF8*$!
{
	archiveVersion = 1;
	classes = {
	};
	objectVersion = 48;
	objects = {

/* Begin PBXBuildFile section */
		BE12B6B32029D75100279233 /* AppDelegate.swift in Sources */ = {isa = PBXBuildFile; fileRef = BE12B6B22029D75100279233 /* AppDelegate.swift */; };
		BE12B6B82029D75100279233 /* Main.storyboard in Resources */ = {isa = PBXBuildFile; fileRef = BE12B6B62029D75100279233 /* Main.storyboard */; };
		BE12B6BA2029D75100279233 /* Assets.xcassets in Resources */ = {isa = PBXBuildFile; fileRef = BE12B6B92029D75100279233 /* Assets.xcassets */; };
		BE12B6BD2029D75100279233 /* LaunchScreen.storyboard in Resources */ = {isa = PBXBuildFile; fileRef = BE12B6BB2029D75100279233 /* LaunchScreen.storyboard */; };
		BE12B6C82029D75100279233 /* WorldTrotter2Tests.swift in Sources */ = {isa = PBXBuildFile; fileRef = BE12B6C72029D75100279233 /* WorldTrotter2Tests.swift */; };
		BE12B6D32029D75100279233 /* WorldTrotter2UITests.swift in Sources */ = {isa = PBXBuildFile; fileRef = BE12B6D22029D75100279233 /* WorldTrotter2UITests.swift */; };
		BE12B6E1202A8EC100279233 /* ConversionViewController.swift in Sources */ = {isa = PBXBuildFile; fileRef = BE12B6E0202A8EC100279233 /* ConversionViewController.swift */; };
		BE36BA65202FE98800A547DF /* MapKit.framework in Frameworks */ = {isa = PBXBuildFile; fileRef = BE36BA64202FE98800A547DF /* MapKit.framework */; };
		BE36BA67202FF80100A547DF /* MapViewController.swift in Sources */ = {isa = PBXBuildFile; fileRef = BE36BA66202FF80100A547DF /* MapViewController.swift */; };
/* End PBXBuildFile section */

/* Begin PBXContainerItemProxy section */
		BE12B6C42029D75100279233 /* PBXContainerItemProxy */ = {
			isa = PBXContainerItemProxy;
			containerPortal = BE12B6A72029D75100279233 /* Project object */;
			proxyType = 1;
			remoteGlobalIDString = BE12B6AE2029D75100279233;
			remoteInfo = WorldTrotter2;
		};
		BE12B6CF2029D75100279233 /* PBXContainerItemProxy */ = {
			isa = PBXContainerItemProxy;
			containerPortal = BE12B6A72029D75100279233 /* Project object */;
			proxyType = 1;
			remoteGlobalIDString = BE12B6AE2029D75100279233;
			remoteInfo = WorldTrotter2;
		};
/* End PBXContainerItemProxy section */

/* Begin PBXFileReference section */
		BE12B6AF2029D75100279233 /* WorldTrotter2.app */ = {isa = PBXFileReference; explicitFileType = wrapper.application; includeInIndex = 0; path = WorldTrotter2.app; sourceTree = BUILT_PRODUCTS_DIR; };
		BE12B6B22029D75100279233 /* AppDelegate.swift */ = {isa = PBXFileReference; lastKnownFileType = sourcecode.swift; path = AppDelegate.swift; sourceTree = "<group>"; };
		BE12B6B72029D75100279233 /* Base */ = {isa = PBXFileReference; lastKnownFileType = file.storyboard; name = Base; path = Base.lproj/Main.storyboard; sourceTree = "<group>"; };
		BE12B6B92029D75100279233 /* Assets.xcassets */ = {isa = PBXFileReference; lastKnownFileType = folder.assetcatalog; path = Assets.xcassets; sourceTree = "<group>"; };
		BE12B6BC2029D75100279233 /* Base */ = {isa = PBXFileReference; lastKnownFileType = file.storyboard; name = Base; path = Base.lproj/LaunchScreen.storyboard; sourceTree = "<group>"; };
		BE12B6BE2029D75100279233 /* Info.plist */ = {isa = PBXFileReference; lastKnownFileType = text.plist.xml; path = Info.plist; sourceTree = "<group>"; };
		BE12B6C32029D75100279233 /* WorldTrotter2Tests.xctest */ = {isa = PBXFileReference; explicitFileType = wrapper.cfbundle; includeInIndex = 0; path = WorldTrotter2Tests.xctest; sourceTree = BUILT_PRODUCTS_DIR; };
		BE12B6C72029D75100279233 /* WorldTrotter2Tests.swift */ = {isa = PBXFileReference; lastKnownFileType = sourcecode.swift; path = WorldTrotter2Tests.swift; sourceTree = "<group>"; };
		BE12B6C92029D75100279233 /* Info.plist */ = {isa = PBXFileReference; lastKnownFileType = text.plist.xml; path = Info.plist; sourceTree = "<group>"; };
		BE12B6CE2029D75100279233 /* WorldTrotter2UITests.xctest */ = {isa = PBXFileReference; explicitFileType = wrapper.cfbundle; includeInIndex = 0; path = WorldTrotter2UITests.xctest; sourceTree = BUILT_PRODUCTS_DIR; };
		BE12B6D22029D75100279233 /* WorldTrotter2UITests.swift */ = {isa = PBXFileReference; lastKnownFileType = sourcecode.swift; path = WorldTrotter2UITests.swift; sourceTree = "<group>"; };
		BE12B6D42029D75100279233 /* Info.plist */ = {isa = PBXFileReference; lastKnownFileType = text.plist.xml; path = Info.plist; sourceTree = "<group>"; };
		BE12B6E0202A8EC100279233 /* ConversionViewController.swift */ = {isa = PBXFileReference; lastKnownFileType = sourcecode.swift; path = ConversionViewController.swift; sourceTree = "<group>"; };
		BE36BA64202FE98800A547DF /* MapKit.framework */ = {isa = PBXFileReference; lastKnownFileType = wrapper.framework; name = MapKit.framework; path = System/Library/Frameworks/MapKit.framework; sourceTree = SDKROOT; };
		BE36BA66202FF80100A547DF /* MapViewController.swift */ = {isa = PBXFileReference; lastKnownFileType = sourcecode.swift; path = MapViewController.swift; sourceTree = "<group>"; };
/* End PBXFileReference section */

/* Begin PBXFrameworksBuildPhase section */
		BE12B6AC2029D75100279233 /* Frameworks */ = {
			isa = PBXFrameworksBuildPhase;
			buildActionMask = 2147483647;
			files = (
				BE36BA65202FE98800A547DF /* MapKit.framework in Frameworks */,
			);
			runOnlyForDeploymentPostprocessing = 0;
		};
		BE12B6C02029D75100279233 /* Frameworks */ = {
			isa = PBXFrameworksBuildPhase;
			buildActionMask = 2147483647;
			files = (
			);
			runOnlyForDeploymentPostprocessing = 0;
		};
		BE12B6CB2029D75100279233 /* Frameworks */ = {
			isa = PBXFrameworksBuildPhase;
			buildActionMask = 2147483647;
			files = (
			);
			runOnlyForDeploymentPostprocessing = 0;
		};
/* End PBXFrameworksBuildPhase section */

/* Begin PBXGroup section */
		BE12B6A62029D75100279233 = {
			isa = PBXGroup;
			children = (
				BE12B6E0202A8EC100279233 /* ConversionViewController.swift */,
				BE12B6B12029D75100279233 /* WorldTrotter2 */,
				BE12B6C62029D75100279233 /* WorldTrotter2Tests */,
				BE12B6D12029D75100279233 /* WorldTrotter2UITests */,
				BE12B6B02029D75100279233 /* Products */,
				BE36BA63202FE98700A547DF /* Frameworks */,
			);
			sourceTree = "<group>";
		};
		BE12B6B02029D75100279233 /* Products */ = {
			isa = PBXGroup;
			children = (
				BE12B6AF2029D75100279233 /* WorldTrotter2.app */,
				BE12B6C32029D75100279233 /* WorldTrotter2Tests.xctest */,
				BE12B6CE2029D75100279233 /* WorldTrotter2UITests.xctest */,
			);
			name = Products;
			sourceTree = "<group>";
		};
		BE12B6B12029D75100279233 /* WorldTrotter2 */ = {
			isa = PBXGroup;
			children = (
				BE12B6B22029D75100279233 /* AppDelegate.swift */,
				BE12B6B62029D75100279233 /* Main.storyboard */,
				BE36BA66202FF80100A547DF /* MapViewController.swift */,
				BE12B6B92029D75100279233 /* Assets.xcassets */,
				BE12B6BB2029D75100279233 /* LaunchScreen.storyboard */,
				BE12B6BE2029D75100279233 /* Info.plist */,
			);
			path = WorldTrotter2;
			sourceTree = "<group>";
		};
		BE12B6C62029D75100279233 /* WorldTrotter2Tests */ = {
			isa = PBXGroup;
			children = (
				BE12B6C72029D75100279233 /* WorldTrotter2Tests.swift */,
				BE12B6C92029D75100279233 /* Info.plist */,
			);
			path = WorldTrotter2Tests;
			sourceTree = "<group>";
		};
		BE12B6D12029D75100279233 /* WorldTrotter2UITests */ = {
			isa = PBXGroup;
			children = (
				BE12B6D22029D75100279233 /* WorldTrotter2UITests.swift */,
				BE12B6D42029D75100279233 /* Info.plist */,
			);
			path = WorldTrotter2UITests;
			sourceTree = "<group>";
		};
		BE36BA63202FE98700A547DF /* Frameworks */ = {
			isa = PBXGroup;
			children = (
				BE36BA64202FE98800A547DF /* MapKit.framework */,
			);
			name = Frameworks;
			sourceTree = "<group>";
		};
/* End PBXGroup section */

/* Begin PBXNativeTarget section */
		BE12B6AE2029D75100279233 /* WorldTrotter2 */ = {
			isa = PBXNativeTarget;
			buildConfigurationList = BE12B6D72029D75100279233 /* Build configuration list for PBXNativeTarget "WorldTrotter2" */;
			buildPhases = (
				BE12B6AB2029D75100279233 /* Sources */,
				BE12B6AC2029D75100279233 /* Frameworks */,
				BE12B6AD2029D75100279233 /* Resources */,
			);
			buildRules = (
			);
			dependencies = (
			);
			name = WorldTrotter2;
			productName = WorldTrotter2;
			productReference = BE12B6AF2029D75100279233 /* WorldTrotter2.app */;
			productType = "com.apple.product-type.application";
		};
		BE12B6C22029D75100279233 /* WorldTrotter2Tests */ = {
			isa = PBXNativeTarget;
			buildConfigurationList = BE12B6DA2029D75100279233 /* Build configuration list for PBXNativeTarget "WorldTrotter2Tests" */;
			buildPhases = (
				BE12B6BF2029D75100279233 /* Sources */,
				BE12B6C02029D75100279233 /* Frameworks */,
				BE12B6C12029D75100279233 /* Resources */,
			);
			buildRules = (
			);
			dependencies = (
				BE12B6C52029D75100279233 /* PBXTargetDependency */,
			);
			name = WorldTrotter2Tests;
			productName = WorldTrotter2Tests;
			productReference = BE12B6C32029D75100279233 /* WorldTrotter2Tests.xctest */;
			productType = "com.apple.product-type.bundle.unit-test";
		};
		BE12B6CD2029D75100279233 /* WorldTrotter2UITests */ = {
			isa = PBXNativeTarget;
			buildConfigurationList = BE12B6DD2029D75100279233 /* Build configuration list for PBXNativeTarget "WorldTrotter2UITests" */;
			buildPhases = (
				BE12B6CA2029D75100279233 /* Sources */,
				BE12B6CB2029D75100279233 /* Frameworks */,
				BE12B6CC2029D75100279233 /* Resources */,
			);
			buildRules = (
			);
			dependencies = (
				BE12B6D02029D75100279233 /* PBXTargetDependency */,
			);
			name = WorldTrotter2UITests;
			productName = WorldTrotter2UITests;
			productReference = BE12B6CE2029D75100279233 /* WorldTrotter2UITests.xctest */;
			productType = "com.apple.product-type.bundle.ui-testing";
		};
/* End PBXNativeTarget section */

/* Begin PBXProject section */
		BE12B6A72029D75100279233 /* Project object */ = {
			isa = PBXProject;
			attributes = {
				LastSwiftUpdateCheck = 0920;
				LastUpgradeCheck = 0920;
				ORGANIZATIONNAME = "Big Nerd Ranch";
				TargetAttributes = {
					BE12B6AE2029D75100279233 = {
						CreatedOnToolsVersion = 9.2;
						ProvisioningStyle = Automatic;
					};
					BE12B6C22029D75100279233 = {
						CreatedOnToolsVersion = 9.2;
						ProvisioningStyle = Automatic;
						TestTargetID = BE12B6AE2029D75100279233;
					};
					BE12B6CD2029D75100279233 = {
						CreatedOnToolsVersion = 9.2;
						ProvisioningStyle = Automatic;
						TestTargetID = BE12B6AE2029D75100279233;
					};
				};
			};
			buildConfigurationList = BE12B6AA2029D75100279233 /* Build configuration list for PBXProject "WorldTrotter2" */;
			compatibilityVersion = "Xcode 8.0";
			developmentRegion = en;
			hasScannedForEncodings = 0;
			knownRegions = (
				en,
				Base,
			);
			mainGroup = BE12B6A62029D75100279233;
			productRefGroup = BE12B6B02029D75100279233 /* Products */;
			projectDirPath = "";
			projectRoot = "";
			targets = (
				BE12B6AE2029D75100279233 /* WorldTrotter2 */,
				BE12B6C22029D75100279233 /* WorldTrotter2Tests */,
				BE12B6CD2029D75100279233 /* WorldTrotter2UITests */,
			);
		};
/* End PBXProject section */

/* Begin PBXResourcesBuildPhase section */
		BE12B6AD2029D75100279233 /* Resources */ = {
			isa = PBXResourcesBuildPhase;
			buildActionMask = 2147483647;
			files = (
				BE12B6BD2029D75100279233 /* LaunchScreen.storyboard in Resources */,
				BE12B6BA2029D75100279233 /* Assets.xcassets in Resources */,
				BE12B6B82029D75100279233 /* Main.storyboard in Resources */,
			);
			runOnlyForDeploymentPostprocessing = 0;
		};
		BE12B6C12029D75100279233 /* Resources */ = {
			isa = PBXResourcesBuildPhase;
			buildActionMask = 2147483647;
			files = (
			);
			runOnlyForDeploymentPostprocessing = 0;
		};
		BE12B6CC2029D75100279233 /* Resources */ = {
			isa = PBXResourcesBuildPhase;
			buildActionMask = 2147483647;
			files = (
			);
			runOnlyForDeploymentPostprocessing = 0;
		};
/* End PBXResourcesBuildPhase section */

/* Begin PBXSourcesBuildPhase section */
		BE12B6AB2029D75100279233 /* Sources */ = {
			isa = PBXSourcesBuildPhase;
			buildActionMask = 2147483647;
			files = (
				BE12B6E1202A8EC100279233 /* ConversionViewController.swift in Sources */,
				BE36BA67202FF80100A547DF /* MapViewController.swift in Sources */,
				BE12B6B32029D75100279233 /* AppDelegate.swift in Sources */,
			);
			runOnlyForDeploymentPostprocessing = 0;
		};
		BE12B6BF2029D75100279233 /* Sources */ = {
			isa = PBXSourcesBuildPhase;
			buildActionMask = 2147483647;
			files = (
				BE12B6C82029D75100279233 /* WorldTrotter2Tests.swift in Sources */,
			);
			runOnlyForDeploymentPostprocessing = 0;
		};
		BE12B6CA2029D75100279233 /* Sources */ = {
			isa = PBXSourcesBuildPhase;
			buildActionMask = 2147483647;
			files = (
				BE12B6D32029D75100279233 /* WorldTrotter2UITests.swift in Sources */,
			);
			runOnlyForDeploymentPostprocessing = 0;
		};
/* End PBXSourcesBuildPhase section */

/* Begin PBXTargetDependency section */
		BE12B6C52029D75100279233 /* PBXTargetDependency */ = {
			isa = PBXTargetDependency;
			target = BE12B6AE2029D75100279233 /* WorldTrotter2 */;
			targetProxy = BE12B6C42029D75100279233 /* PBXContainerItemProxy */;
		};
		BE12B6D02029D75100279233 /* PBXTargetDependency */ = {
			isa = PBXTargetDependency;
			target = BE12B6AE2029D75100279233 /* WorldTrotter2 */;
			targetProxy = BE12B6CF2029D75100279233 /* PBXContainerItemProxy */;
		};
/* End PBXTargetDependency section */

/* Begin PBXVariantGroup section */
		BE12B6B62029D75100279233 /* Main.storyboard */ = {
			isa = PBXVariantGroup;
			children = (
				BE12B6B72029D75100279233 /* Base */,
			);
			name = Main.storyboard;
			sourceTree = "<group>";
		};
		BE12B6BB2029D75100279233 /* LaunchScreen.storyboard */ = {
			isa = PBXVariantGroup;
			children = (
				BE12B6BC2029D75100279233 /* Base */,
			);
			name = LaunchScreen.storyboard;
			sourceTree = "<group>";
		};
/* End PBXVariantGroup section */

/* Begin XCBuildConfiguration section */
		BE12B6D52029D75100279233 /* Debug */ = {
			isa = XCBuildConfiguration;
			buildSettings = {
				ALWAYS_SEARCH_USER_PATHS = NO;
				CLANG_ANALYZER_NONNULL = YES;
				CLANG_ANALYZER_NUMBER_OBJECT_CONVERSION = YES_AGGRESSIVE;
				CLANG_CXX_LANGUAGE_STANDARD = "gnu++14";
				CLANG_CXX_LIBRARY = "libc++";
				CLANG_ENABLE_MODULES = YES;
				CLANG_ENABLE_OBJC_ARC = YES;
				CLANG_WARN_BLOCK_CAPTURE_AUTORELEASING = YES;
				CLANG_WARN_BOOL_CONVERSION = YES;
				CLANG_WARN_COMMA = YES;
				CLANG_WARN_CONSTANT_CONVERSION = YES;
				CLANG_WARN_DIRECT_OBJC_ISA_USAGE = YES_ERROR;
				CLANG_WARN_DOCUMENTATION_COMMENTS = YES;
				CLANG_WARN_EMPTY_BODY = YES;
				CLANG_WARN_ENUM_CONVERSION = YES;
				CLANG_WARN_INFINITE_RECURSION = YES;
				CLANG_WARN_INT_CONVERSION = YES;
				CLANG_WARN_NON_LITERAL_NULL_CONVERSION = YES;
				CLANG_WARN_OBJC_LITERAL_CONVERSION = YES;
				CLANG_WARN_OBJC_ROOT_CLASS = YES_ERROR;
				CLANG_WARN_RANGE_LOOP_ANALYSIS = YES;
				CLANG_WARN_STRICT_PROTOTYPES = YES;
				CLANG_WARN_SUSPICIOUS_MOVE = YES;
				CLANG_WARN_UNGUARDED_AVAILABILITY = YES_AGGRESSIVE;
				CLANG_WARN_UNREACHABLE_CODE = YES;
				CLANG_WARN__DUPLICATE_METHOD_MATCH = YES;
				CODE_SIGN_IDENTITY = "iPhone Developer";
				COPY_PHASE_STRIP = NO;
				DEBUG_INFORMATION_FORMAT = dwarf;
				ENABLE_STRICT_OBJC_MSGSEND = YES;
				ENABLE_TESTABILITY = YES;
				GCC_C_LANGUAGE_STANDARD = gnu11;
				GCC_DYNAMIC_NO_PIC = NO;
				GCC_NO_COMMON_BLOCKS = YES;
				GCC_OPTIMIZATION_LEVEL = 0;
				GCC_PREPROCESSOR_DEFINITIONS = (
					"DEBUG=1",
					"$(inherited)",
				);
				GCC_WARN_64_TO_32_BIT_CONVERSION = YES;
				GCC_WARN_ABOUT_RETURN_TYPE = YES_ERROR;
				GCC_WARN_UNDECLARED_SELECTOR = YES;
				GCC_WARN_UNINITIALIZED_AUTOS = YES_AGGRESSIVE;
				GCC_WARN_UNUSED_FUNCTION = YES;
				GCC_WARN_UNUSED_VARIABLE = YES;
				IPHONEOS_DEPLOYMENT_TARGET = 11.2;
				MTL_ENABLE_DEBUG_INFO = YES;
				ONLY_ACTIVE_ARCH = YES;
				SDKROOT = iphoneos;
				SWIFT_ACTIVE_COMPILATION_CONDITIONS = DEBUG;
				SWIFT_OPTIMIZATION_LEVEL = "-Onone";
			};
			name = Debug;
		};
		BE12B6D62029D75100279233 /* Release */ = {
			isa = XCBuildConfiguration;
			buildSettings = {
				ALWAYS_SEARCH_USER_PATHS = NO;
				CLANG_ANALYZER_NONNULL = YES;
				CLANG_ANALYZER_NUMBER_OBJECT_CONVERSION = YES_AGGRESSIVE;
				CLANG_CXX_LANGUAGE_STANDARD = "gnu++14";
				CLANG_CXX_LIBRARY = "libc++";
				CLANG_ENABLE_MODULES = YES;
				CLANG_ENABLE_OBJC_ARC = YES;
				CLANG_WARN_BLOCK_CAPTURE_AUTORELEASING = YES;
				CLANG_WARN_BOOL_CONVERSION = YES;
				CLANG_WARN_COMMA = YES;
				CLANG_WARN_CONSTANT_CONVERSION = YES;
				CLANG_WARN_DIRECT_OBJC_ISA_USAGE = YES_ERROR;
				CLANG_WARN_DOCUMENTATION_COMMENTS = YES;
				CLANG_WARN_EMPTY_BODY = YES;
				CLANG_WARN_ENUM_CONVERSION = YES;
				CLANG_WARN_INFINITE_RECURSION = YES;
				CLANG_WARN_INT_CONVERSION = YES;
				CLANG_WARN_NON_LITERAL_NULL_CONVERSION = YES;
				CLANG_WARN_OBJC_LITERAL_CONVERSION = YES;
				CLANG_WARN_OBJC_ROOT_CLASS = YES_ERROR;
				CLANG_WARN_RANGE_LOOP_ANALYSIS = YES;
				CLANG_WARN_STRICT_PROTOTYPES = YES;
				CLANG_WARN_SUSPICIOUS_MOVE = YES;
				CLANG_WARN_UNGUARDED_AVAILABILITY = YES_AGGRESSIVE;
				CLANG_WARN_UNREACHABLE_CODE = YES;
				CLANG_WARN__DUPLICATE_METHOD_MATCH = YES;
				CODE_SIGN_IDENTITY = "iPhone Developer";
				COPY_PHASE_STRIP = NO;
				DEBUG_INFORMATION_FORMAT = "dwarf-with-dsym";
				ENABLE_NS_ASSERTIONS = NO;
				ENABLE_STRICT_OBJC_MSGSEND = YES;
				GCC_C_LANGUAGE_STANDARD = gnu11;
				GCC_NO_COMMON_BLOCKS = YES;
				GCC_WARN_64_TO_32_BIT_CONVERSION = YES;
				GCC_WARN_ABOUT_RETURN_TYPE = YES_ERROR;
				GCC_WARN_UNDECLARED_SELECTOR = YES;
				GCC_WARN_UNINITIALIZED_AUTOS = YES_AGGRESSIVE;
				GCC_WARN_UNUSED_FUNCTION = YES;
				GCC_WARN_UNUSED_VARIABLE = YES;
				IPHONEOS_DEPLOYMENT_TARGET = 11.2;
				MTL_ENABLE_DEBUG_INFO = NO;
				SDKROOT = iphoneos;
				SWIFT_OPTIMIZATION_LEVEL = "-Owholemodule";
				VALIDATE_PRODUCT = YES;
			};
			name = Release;
		};
		BE12B6D82029D75100279233 /* Debug */ = {
			isa = XCBuildConfiguration;
			buildSettings = {
				ASSETCATALOG_COMPILER_APPICON_NAME = AppIcon;
				CODE_SIGN_STYLE = Automatic;
				INFOPLIST_FILE = WorldTrotter2/Info.plist;
				LD_RUNPATH_SEARCH_PATHS = "$(inherited) @executable_path/Frameworks";
				PRODUCT_BUNDLE_IDENTIFIER = com.bignerdranch.WorldTrotter2;
				PRODUCT_NAME = "$(TARGET_NAME)";
				SWIFT_VERSION = 4.0;
				TARGETED_DEVICE_FAMILY = "1,2";
			};
			name = Debug;
		};
		BE12B6D92029D75100279233 /* Release */ = {
			isa = XCBuildConfiguration;
			buildSettings = {
				ASSETCATALOG_COMPILER_APPICON_NAME = AppIcon;
				CODE_SIGN_STYLE = Automatic;
				INFOPLIST_FILE = WorldTrotter2/Info.plist;
				LD_RUNPATH_SEARCH_PATHS = "$(inherited) @executable_path/Frameworks";
				PRODUCT_BUNDLE_IDENTIFIER = com.bignerdranch.WorldTrotter2;
				PRODUCT_NAME = "$(TARGET_NAME)";
				SWIFT_VERSION = 4.0;
				TARGETED_DEVICE_FAMILY = "1,2";
			};
			name = Release;
		};
		BE12B6DB2029D75100279233 /* Debug */ = {
			isa = XCBuildConfiguration;
			buildSettings = {
				ALWAYS_EMBED_SWIFT_STANDARD_LIBRARIES = YES;
				BUNDLE_LOADER = "$(TEST_HOST)";
				CODE_SIGN_STYLE = Automatic;
				INFOPLIST_FILE = WorldTrotter2Tests/Info.plist;
				LD_RUNPATH_SEARCH_PATHS = "$(inherited) @executable_path/Frameworks @loader_path/Frameworks";
				PRODUCT_BUNDLE_IDENTIFIER = com.bignerdranch.WorldTrotter2Tests;
				PRODUCT_NAME = "$(TARGET_NAME)";
				SWIFT_VERSION = 4.0;
				TARGETED_DEVICE_FAMILY = "1,2";
				TEST_HOST = "$(BUILT_PRODUCTS_DIR)/WorldTrotter2.app/WorldTrotter2";
			};
			name = Debug;
		};
		BE12B6DC2029D75100279233 /* Release */ = {
			isa = XCBuildConfiguration;
			buildSettings = {
				ALWAYS_EMBED_SWIFT_STANDARD_LIBRARIES = YES;
				BUNDLE_LOADER = "$(TEST_HOST)";
				CODE_SIGN_STYLE = Automatic;
				INFOPLIST_FILE = WorldTrotter2Tests/Info.plist;
				LD_RUNPATH_SEARCH_PATHS = "$(inherited) @executable_path/Frameworks @loader_path/Frameworks";
				PRODUCT_BUNDLE_IDENTIFIER = com.bignerdranch.WorldTrotter2Tests;
				PRODUCT_NAME = "$(TARGET_NAME)";
				SWIFT_VERSION = 4.0;
				TARGETED_DEVICE_FAMILY = "1,2";
				TEST_HOST = "$(BUILT_PRODUCTS_DIR)/WorldTrotter2.app/WorldTrotter2";
			};
			name = Release;
		};
		BE12B6DE2029D75100279233 /* Debug */ = {
			isa = XCBuildConfiguration;
			buildSettings = {
				ALWAYS_EMBED_SWIFT_STANDARD_LIBRARIES = YES;
				CODE_SIGN_STYLE = Automatic;
				INFOPLIST_FILE = WorldTrotter2UITests/Info.plist;
				LD_RUNPATH_SEARCH_PATHS = "$(inherited) @executable_path/Frameworks @loader_path/Frameworks";
				PRODUCT_BUNDLE_IDENTIFIER = com.bignerdranch.WorldTrotter2UITests;
				PRODUCT_NAME = "$(TARGET_NAME)";
				SWIFT_VERSION = 4.0;
				TARGETED_DEVICE_FAMILY = "1,2";
				TEST_TARGET_NAME = WorldTrotter2;
			};
			name = Debug;
		};
		BE12B6DF2029D75100279233 /* Release */ = {
			isa = XCBuildConfiguration;
			buildSettings = {
				ALWAYS_EMBED_SWIFT_STANDARD_LIBRARIES = YES;
				CODE_SIGN_STYLE = Automatic;
				INFOPLIST_FILE = WorldTrotter2UITests/Info.plist;
				LD_RUNPATH_SEARCH_PATHS = "$(inherited) @executable_path/Frameworks @loader_path/Frameworks";
				PRODUCT_BUNDLE_IDENTIFIER = com.bignerdranch.WorldTrotter2UITests;
				PRODUCT_NAME = "$(TARGET_NAME)";
				SWIFT_VERSION = 4.0;
				TARGETED_DEVICE_FAMILY = "1,2";
				TEST_TARGET_NAME = WorldTrotter2;
			};
			name = Release;
		};
/* End XCBuildConfiguration section */

/* Begin XCConfigurationList section */
		BE12B6AA2029D75100279233 /* Build configuration list for PBXProject "WorldTrotter2" */ = {
			isa = XCConfigurationList;
			buildConfigurations = (
				BE12B6D52029D75100279233 /* Debug */,
				BE12B6D62029D75100279233 /* Release */,
			);
			defaultConfigurationIsVisible = 0;
			defaultConfigurationName = Release;
		};
		BE12B6D72029D75100279233 /* Build configuration list for PBXNativeTarget "WorldTrotter2" */ = {
			isa = XCConfigurationList;
			buildConfigurations = (
				BE12B6D82029D75100279233 /* Debug */,
				BE12B6D92029D75100279233 /* Release */,
			);
			defaultConfigurationIsVisible = 0;
			defaultConfigurationName = Release;
		};
		BE12B6DA2029D75100279233 /* Build configuration list for PBXNativeTarget "WorldTrotter2Tests" */ = {
			isa = XCConfigurationList;
			buildConfigurations = (
				BE12B6DB2029D75100279233 /* Debug */,
				BE12B6DC2029D75100279233 /* Release */,
			);
			defaultConfigurationIsVisible = 0;
			defaultConfigurationName = Release;
		};
		BE12B6DD2029D75100279233 /* Build configuration list for PBXNativeTarget "WorldTrotter2UITests" */ = {
			isa = XCConfigurationList;
			buildConfigurations = (
				BE12B6DE2029D75100279233 /* Debug */,
				BE12B6DF2029D75100279233 /* Release */,
			);
			defaultConfigurationIsVisible = 0;
			defaultConfigurationName = Release;
		};
/* End XCConfigurationList section */
	};
	rootObject = BE12B6A72029D75100279233 /* Project object */;
}
